github.com/smartystreets/assertions v1.0.0 h1:UVQPSSmc3qtTi+zPPkCXvZX9VvW/xT/NsRvKfwY81a8=
github.com/smartystreets/assertions v1.0.0/go.mod h1:kHHU4qYBaI3q23Pp3VPrmWhuIUrLW/7eUrw0BU5VaoM=
github.com/smartystreets/clock v1.0.0 h1:A59pCOKbYR1CtviZ/kyekUitqlxLgZq63LVWr2mlB9E=
github.com/smartystreets/clock v1.0.0/go.mod h1:ACKkhDG9XxjiyOpKTsQ0zlocCq2Dbu2/zWL4raAdeLI=
github.com/smartystreets/gunit v1.0.0 h1:RyPDUFcJbvtXlhJPk7v+wnxZRY2EUokhEYl2EJOPToI=
github.com/smartystreets/gunit v1.0.0/go.mod h1:qwPWnhz6pn0NnRBP++URONOVyNkPyr4SauJk4cUOwJs=
github.com/smartystreets/gunit v1.0.1 h1:esMruGUHg849RBnE6pUIt7jDVAHo9Nzsvej7sk22yRc=
github.com/smartystreets/gunit v1.0.1/go.mod h1:qwPWnhz6pn0NnRBP++URONOVyNkPyr4SauJk4cUOwJs=
github.com/smartystreets/listeners v1.0.1 h1:oCDri2V2nAketPYeheuDjlI+RDvIoGXT661xL4r687E=
github.com/smartystreets/listeners v1.0.1/go.mod h1:pGnOf/sHCyzRQyAFW/kwrnv8afHw4VB0dU12aZqTLJw=
github.com/smartystreets/logging v1.0.0 h1:gje6Q/5dPvxhRmYwZykb0cZnLTeiiio5Sy9iyrJtnt4=
github.com/smartystreets/logging v1.0.0/go.mod h1:Xbp3xEjGjcIU1oC100+eBIUiCxEh1VXTQ6ULao2bSJk=
github.com/smartystreets/logging v1.0.1 h1:i5ubiFKAF9RFHlG/9k6Y+u2PVHc1lC/VNTXwri3Ks/E=
github.com/smartystreets/logging v1.0.1/go.mod h1:Xbp3xEjGjcIU1oC100+eBIUiCxEh1VXTQ6ULao2bSJk=
github.com/smartystreets/messaging v1.0.0 h1:Kq07V+YPa2vwJSfJ1juX04gv0KFm3ADBdxiVhhbPhPw=
github.com/smartystreets/messaging v1.0.0/go.mod h1:Cpt/hPnRkd1yAnolm3u1QhDy9csdhEjxp1F5hgQGkUw=
github.com/streadway/amqp v0.0.0-20190404075320-75d898a42a94/go.mod h1:AZpEONHx3DKn8O/DFsRAY58/XVQiIPMTMB1SddzLXVw=
